
Microsoft Visual Studio Solution File, Format Version 12.00
# Visual Studio Express 2012 for Windows Desktop
Project("{FAE04EC0-301F-11D3-BF4B-00C04F79EFBC}") = "MenuDemo", "MenuDemo\MenuDemo.csproj", "{EE33EC90-AE1C-4437-93D6-9A6BF7867996}"
EndProject
Global
	GlobalSection(SolutionConfigurationPlatforms) = preSolution
		Debug|Any CPU = Debug|Any CPU
		Release|Any CPU = Release|Any CPU
	EndGlobalSection
	GlobalSection(ProjectConfigurationPlatforms) = postSolution
		{EE33EC90-AE1C-4437-93D6-9A6BF7867996}.Debug|Any CPU.ActiveCfg = Debug|Any CPU
		{EE33EC90-AE1C-4437-93D6-9A6BF7867996}.Debug|Any CPU.Build.0 = Debug|Any CPU
		{EE33EC90-AE1C-4437-93D6-9A6BF7867996}.Release|Any CPU.ActiveCfg = Release|Any CPU
		{EE33EC90-AE1C-4437-93D6-9A6BF7867996}.Release|Any CPU.Build.0 = Release|Any CPU
	EndGlobalSection
	GlobalSection(SolutionProperties) = preSolution
		HideSolutionNode = FALSE
	EndGlobalSection
EndGlobal
