
Microsoft Visual Studio Solution File, Format Version 12.00
# Visual Studio Express 2012 for Windows Desktop
Project("{FAE04EC0-301F-11D3-BF4B-00C04F79EFBC}") = "TreeViewDemo", "TreeViewDemo\TreeViewDemo.csproj", "{D8582287-ED92-45F6-92F8-D4FD03508F04}"
EndProject
Global
	GlobalSection(SolutionConfigurationPlatforms) = preSolution
		Debug|Any CPU = Debug|Any CPU
		Release|Any CPU = Release|Any CPU
	EndGlobalSection
	GlobalSection(ProjectConfigurationPlatforms) = postSolution
		{D8582287-ED92-45F6-92F8-D4FD03508F04}.Debug|Any CPU.ActiveCfg = Debug|Any CPU
		{D8582287-ED92-45F6-92F8-D4FD03508F04}.Debug|Any CPU.Build.0 = Debug|Any CPU
		{D8582287-ED92-45F6-92F8-D4FD03508F04}.Release|Any CPU.ActiveCfg = Release|Any CPU
		{D8582287-ED92-45F6-92F8-D4FD03508F04}.Release|Any CPU.Build.0 = Release|Any CPU
	EndGlobalSection
	GlobalSection(SolutionProperties) = preSolution
		HideSolutionNode = FALSE
	EndGlobalSection
EndGlobal
